// !$*UTF8*$!
{
	archiveVersion = 1;
	classes = {
	};
	objectVersion = 50;
	objects = {

/* Begin PBXBuildFile section */
		236029A52152B937006D2C0B /* String+Extensions.swift in Sources */ = {isa = PBXBuildFile; fileRef = 236029A42152B937006D2C0B /* String+Extensions.swift */; };
		2366216C2151938500B4E6F5 /* AppDelegate.swift in Sources */ = {isa = PBXBuildFile; fileRef = 2366216B2151938500B4E6F5 /* AppDelegate.swift */; };
		2366216E2151938500B4E6F5 /* MasterViewController.swift in Sources */ = {isa = PBXBuildFile; fileRef = 2366216D2151938500B4E6F5 /* MasterViewController.swift */; };
		236621702151938500B4E6F5 /* DetailViewController.swift in Sources */ = {isa = PBXBuildFile; fileRef = 2366216F2151938500B4E6F5 /* DetailViewController.swift */; };
		236621732151938500B4E6F5 /* Main.storyboard in Resources */ = {isa = PBXBuildFile; fileRef = 236621712151938500B4E6F5 /* Main.storyboard */; };
		236621752151938600B4E6F5 /* Assets.xcassets in Resources */ = {isa = PBXBuildFile; fileRef = 236621742151938600B4E6F5 /* Assets.xcassets */; };
		236621782151938600B4E6F5 /* LaunchScreen.storyboard in Resources */ = {isa = PBXBuildFile; fileRef = 236621762151938600B4E6F5 /* LaunchScreen.storyboard */; };
		23662180215194FC00B4E6F5 /* APIManager.swift in Sources */ = {isa = PBXBuildFile; fileRef = 2366217F215194FC00B4E6F5 /* APIManager.swift */; };
		23662183215198EF00B4E6F5 /* GetFeedsService.swift in Sources */ = {isa = PBXBuildFile; fileRef = 23662182215198EF00B4E6F5 /* GetFeedsService.swift */; };
		2366218621519AEB00B4E6F5 /* Feed.swift in Sources */ = {isa = PBXBuildFile; fileRef = 2366218521519AEB00B4E6F5 /* Feed.swift */; };
		2366218821519D7A00B4E6F5 /* Constants.swift in Sources */ = {isa = PBXBuildFile; fileRef = 2366218721519D7A00B4E6F5 /* Constants.swift */; };
		2366218A2151A64100B4E6F5 /* FeedsManager.swift in Sources */ = {isa = PBXBuildFile; fileRef = 236621892151A64100B4E6F5 /* FeedsManager.swift */; };
		2366218C2151BCD200B4E6F5 /* FeedCell.swift in Sources */ = {isa = PBXBuildFile; fileRef = 2366218B2151BCD200B4E6F5 /* FeedCell.swift */; };
		2366218F2152A6C100B4E6F5 /* FeedDataModel.swift in Sources */ = {isa = PBXBuildFile; fileRef = 2366218E2152A6C100B4E6F5 /* FeedDataModel.swift */; };
		236621922152A7DE00B4E6F5 /* UIImageView+Extensions.swift in Sources */ = {isa = PBXBuildFile; fileRef = 236621912152A7DE00B4E6F5 /* UIImageView+Extensions.swift */; };
/* End PBXBuildFile section */

/* Begin PBXFileReference section */
		236029A42152B937006D2C0B /* String+Extensions.swift */ = {isa = PBXFileReference; lastKnownFileType = sourcecode.swift; path = "String+Extensions.swift"; sourceTree = "<group>"; };
		236621682151938500B4E6F5 /* RedditFeed.app */ = {isa = PBXFileReference; explicitFileType = wrapper.application; includeInIndex = 0; path = RedditFeed.app; sourceTree = BUILT_PRODUCTS_DIR; };
		2366216B2151938500B4E6F5 /* AppDelegate.swift */ = {isa = PBXFileReference; lastKnownFileType = sourcecode.swift; path = AppDelegate.swift; sourceTree = "<group>"; };
		2366216D2151938500B4E6F5 /* MasterViewController.swift */ = {isa = PBXFileReference; lastKnownFileType = sourcecode.swift; path = MasterViewController.swift; sourceTree = "<group>"; };
		2366216F2151938500B4E6F5 /* DetailViewController.swift */ = {isa = PBXFileReference; lastKnownFileType = sourcecode.swift; path = DetailViewController.swift; sourceTree = "<group>"; };
		236621722151938500B4E6F5 /* Base */ = {isa = PBXFileReference; lastKnownFileType = file.storyboard; name = Base; path = Base.lproj/Main.storyboard; sourceTree = "<group>"; };
		236621742151938600B4E6F5 /* Assets.xcassets */ = {isa = PBXFileReference; lastKnownFileType = folder.assetcatalog; path = Assets.xcassets; sourceTree = "<group>"; };
		236621772151938600B4E6F5 /* Base */ = {isa = PBXFileReference; lastKnownFileType = file.storyboard; name = Base; path = Base.lproj/LaunchScreen.storyboard; sourceTree = "<group>"; };
		236621792151938600B4E6F5 /* Info.plist */ = {isa = PBXFileReference; lastKnownFileType = text.plist.xml; path = Info.plist; sourceTree = "<group>"; };
		2366217F215194FC00B4E6F5 /* APIManager.swift */ = {isa = PBXFileReference; lastKnownFileType = sourcecode.swift; path = APIManager.swift; sourceTree = "<group>"; };
		23662182215198EF00B4E6F5 /* GetFeedsService.swift */ = {isa = PBXFileReference; lastKnownFileType = sourcecode.swift; path = GetFeedsService.swift; sourceTree = "<group>"; };
		2366218521519AEB00B4E6F5 /* Feed.swift */ = {isa = PBXFileReference; lastKnownFileType = sourcecode.swift; path = Feed.swift; sourceTree = "<group>"; };
		2366218721519D7A00B4E6F5 /* Constants.swift */ = {isa = PBXFileReference; lastKnownFileType = sourcecode.swift; path = Constants.swift; sourceTree = "<group>"; };
		236621892151A64100B4E6F5 /* FeedsManager.swift */ = {isa = PBXFileReference; lastKnownFileType = sourcecode.swift; path = FeedsManager.swift; sourceTree = "<group>"; };
		2366218B2151BCD200B4E6F5 /* FeedCell.swift */ = {isa = PBXFileReference; lastKnownFileType = sourcecode.swift; path = FeedCell.swift; sourceTree = "<group>"; };
		2366218E2152A6C100B4E6F5 /* FeedDataModel.swift */ = {isa = PBXFileReference; lastKnownFileType = sourcecode.swift; path = FeedDataModel.swift; sourceTree = "<group>"; };
		236621912152A7DE00B4E6F5 /* UIImageView+Extensions.swift */ = {isa = PBXFileReference; lastKnownFileType = sourcecode.swift; path = "UIImageView+Extensions.swift"; sourceTree = "<group>"; };
/* End PBXFileReference section */

/* Begin PBXFrameworksBuildPhase section */
		236621652151938500B4E6F5 /* Frameworks */ = {
			isa = PBXFrameworksBuildPhase;
			buildActionMask = 2147483647;
			files = (
			);
			runOnlyForDeploymentPostprocessing = 0;
		};
/* End PBXFrameworksBuildPhase section */

/* Begin PBXGroup section */
		2366215F2151938500B4E6F5 = {
			isa = PBXGroup;
			children = (
				2366216A2151938500B4E6F5 /* RedditFeed */,
				236621692151938500B4E6F5 /* Products */,
			);
			sourceTree = "<group>";
		};
		236621692151938500B4E6F5 /* Products */ = {
			isa = PBXGroup;
			children = (
				236621682151938500B4E6F5 /* RedditFeed.app */,
			);
			name = Products;
			sourceTree = "<group>";
		};
		2366216A2151938500B4E6F5 /* RedditFeed */ = {
			isa = PBXGroup;
			children = (
				2366218421519AD400B4E6F5 /* Model */,
				23662181215198AF00B4E6F5 /* Services */,
				2366218D2151BCDD00B4E6F5 /* Views */,
				236621902152A7A200B4E6F5 /* Extensions */,
				2366216D2151938500B4E6F5 /* MasterViewController.swift */,
				2366216B2151938500B4E6F5 /* AppDelegate.swift */,
				236621892151A64100B4E6F5 /* FeedsManager.swift */,
				2366216F2151938500B4E6F5 /* DetailViewController.swift */,
				2366218721519D7A00B4E6F5 /* Constants.swift */,
				236621712151938500B4E6F5 /* Main.storyboard */,
				236621742151938600B4E6F5 /* Assets.xcassets */,
				236621762151938600B4E6F5 /* LaunchScreen.storyboard */,
				236621792151938600B4E6F5 /* Info.plist */,
				2366217F215194FC00B4E6F5 /* APIManager.swift */,
			);
			path = RedditFeed;
			sourceTree = "<group>";
		};
		23662181215198AF00B4E6F5 /* Services */ = {
			isa = PBXGroup;
			children = (
				23662182215198EF00B4E6F5 /* GetFeedsService.swift */,
			);
			path = Services;
			sourceTree = "<group>";
		};
		2366218421519AD400B4E6F5 /* Model */ = {
			isa = PBXGroup;
			children = (
				2366218521519AEB00B4E6F5 /* Feed.swift */,
				2366218E2152A6C100B4E6F5 /* FeedDataModel.swift */,
			);
			path = Model;
			sourceTree = "<group>";
		};
		2366218D2151BCDD00B4E6F5 /* Views */ = {
			isa = PBXGroup;
			children = (
				2366218B2151BCD200B4E6F5 /* FeedCell.swift */,
			);
			path = Views;
			sourceTree = "<group>";
		};
		236621902152A7A200B4E6F5 /* Extensions */ = {
			isa = PBXGroup;
			children = (
				236621912152A7DE00B4E6F5 /* UIImageView+Extensions.swift */,
				236029A42152B937006D2C0B /* String+Extensions.swift */,
			);
			path = Extensions;
			sourceTree = "<group>";
		};
/* End PBXGroup section */

/* Begin PBXNativeTarget section */
		236621672151938500B4E6F5 /* RedditFeed */ = {
			isa = PBXNativeTarget;
			buildConfigurationList = 2366217C2151938600B4E6F5 /* Build configuration list for PBXNativeTarget "RedditFeed" */;
			buildPhases = (
				236621642151938500B4E6F5 /* Sources */,
				236621652151938500B4E6F5 /* Frameworks */,
				236621662151938500B4E6F5 /* Resources */,
			);
			buildRules = (
			);
			dependencies = (
			);
			name = RedditFeed;
			productName = RedditFeed;
			productReference = 236621682151938500B4E6F5 /* RedditFeed.app */;
			productType = "com.apple.product-type.application";
		};
/* End PBXNativeTarget section */

/* Begin PBXProject section */
		236621602151938500B4E6F5 /* Project object */ = {
			isa = PBXProject;
			attributes = {
				LastSwiftUpdateCheck = 0940;
				LastUpgradeCheck = 0940;
				ORGANIZATIONNAME = Arnaldo;
				TargetAttributes = {
					236621672151938500B4E6F5 = {
						CreatedOnToolsVersion = 9.4.1;
					};
				};
			};
			buildConfigurationList = 236621632151938500B4E6F5 /* Build configuration list for PBXProject "RedditFeed" */;
			compatibilityVersion = "Xcode 9.3";
			developmentRegion = en;
			hasScannedForEncodings = 0;
			knownRegions = (
				en,
				Base,
			);
			mainGroup = 2366215F2151938500B4E6F5;
			productRefGroup = 236621692151938500B4E6F5 /* Products */;
			projectDirPath = "";
			projectRoot = "";
			targets = (
				236621672151938500B4E6F5 /* RedditFeed */,
			);
		};
/* End PBXProject section */

/* Begin PBXResourcesBuildPhase section */
		236621662151938500B4E6F5 /* Resources */ = {
			isa = PBXResourcesBuildPhase;
			buildActionMask = 2147483647;
			files = (
				236621782151938600B4E6F5 /* LaunchScreen.storyboard in Resources */,
				236621752151938600B4E6F5 /* Assets.xcassets in Resources */,
				236621732151938500B4E6F5 /* Main.storyboard in Resources */,
			);
			runOnlyForDeploymentPostprocessing = 0;
		};
/* End PBXResourcesBuildPhase section */

/* Begin PBXSourcesBuildPhase section */
		236621642151938500B4E6F5 /* Sources */ = {
			isa = PBXSourcesBuildPhase;
			buildActionMask = 2147483647;
			files = (
				2366218821519D7A00B4E6F5 /* Constants.swift in Sources */,
				23662180215194FC00B4E6F5 /* APIManager.swift in Sources */,
				2366218621519AEB00B4E6F5 /* Feed.swift in Sources */,
				2366218A2151A64100B4E6F5 /* FeedsManager.swift in Sources */,
				236029A52152B937006D2C0B /* String+Extensions.swift in Sources */,
				236621922152A7DE00B4E6F5 /* UIImageView+Extensions.swift in Sources */,
				236621702151938500B4E6F5 /* DetailViewController.swift in Sources */,
				23662183215198EF00B4E6F5 /* GetFeedsService.swift in Sources */,
				2366216E2151938500B4E6F5 /* MasterViewController.swift in Sources */,
				2366216C2151938500B4E6F5 /* AppDelegate.swift in Sources */,
				2366218C2151BCD200B4E6F5 /* FeedCell.swift in Sources */,
				2366218F2152A6C100B4E6F5 /* FeedDataModel.swift in Sources */,
			);
			runOnlyForDeploymentPostprocessing = 0;
		};
/* End PBXSourcesBuildPhase section */

/* Begin PBXVariantGroup section */
		236621712151938500B4E6F5 /* Main.storyboard */ = {
			isa = PBXVariantGroup;
			children = (
				236621722151938500B4E6F5 /* Base */,
			);
			name = Main.storyboard;
			sourceTree = "<group>";
		};
		236621762151938600B4E6F5 /* LaunchScreen.storyboard */ = {
			isa = PBXVariantGroup;
			children = (
				236621772151938600B4E6F5 /* Base */,
			);
			name = LaunchScreen.storyboard;
			sourceTree = "<group>";
		};
/* End PBXVariantGroup section */

/* Begin XCBuildConfiguration section */
		2366217A2151938600B4E6F5 /* Debug */ = {
			isa = XCBuildConfiguration;
			buildSettings = {
				ALWAYS_SEARCH_USER_PATHS = NO;
				CLANG_ANALYZER_NONNULL = YES;
				CLANG_ANALYZER_NUMBER_OBJECT_CONVERSION = YES_AGGRESSIVE;
				CLANG_CXX_LANGUAGE_STANDARD = "gnu++14";
				CLANG_CXX_LIBRARY = "libc++";
				CLANG_ENABLE_MODULES = YES;
				CLANG_ENABLE_OBJC_ARC = YES;
				CLANG_ENABLE_OBJC_WEAK = YES;
				CLANG_WARN_BLOCK_CAPTURE_AUTORELEASING = YES;
				CLANG_WARN_BOOL_CONVERSION = YES;
				CLANG_WARN_COMMA = YES;
				CLANG_WARN_CONSTANT_CONVERSION = YES;
				CLANG_WARN_DEPRECATED_OBJC_IMPLEMENTATIONS = YES;
				CLANG_WARN_DIRECT_OBJC_ISA_USAGE = YES_ERROR;
				CLANG_WARN_DOCUMENTATION_COMMENTS = YES;
				CLANG_WARN_EMPTY_BODY = YES;
				CLANG_WARN_ENUM_CONVERSION = YES;
				CLANG_WARN_INFINITE_RECURSION = YES;
				CLANG_WARN_INT_CONVERSION = YES;
				CLANG_WARN_NON_LITERAL_NULL_CONVERSION = YES;
				CLANG_WARN_OBJC_IMPLICIT_RETAIN_SELF = YES;
				CLANG_WARN_OBJC_LITERAL_CONVERSION = YES;
				CLANG_WARN_OBJC_ROOT_CLASS = YES_ERROR;
				CLANG_WARN_RANGE_LOOP_ANALYSIS = YES;
				CLANG_WARN_STRICT_PROTOTYPES = YES;
				CLANG_WARN_SUSPICIOUS_MOVE = YES;
				CLANG_WARN_UNGUARDED_AVAILABILITY = YES_AGGRESSIVE;
				CLANG_WARN_UNREACHABLE_CODE = YES;
				CLANG_WARN__DUPLICATE_METHOD_MATCH = YES;
				CODE_SIGN_IDENTITY = "iPhone Developer";
				COPY_PHASE_STRIP = NO;
				DEBUG_INFORMATION_FORMAT = dwarf;
				ENABLE_STRICT_OBJC_MSGSEND = YES;
				ENABLE_TESTABILITY = YES;
				GCC_C_LANGUAGE_STANDARD = gnu11;
				GCC_DYNAMIC_NO_PIC = NO;
				GCC_NO_COMMON_BLOCKS = YES;
				GCC_OPTIMIZATION_LEVEL = 0;
				GCC_PREPROCESSOR_DEFINITIONS = (
					"DEBUG=1",
					"$(inherited)",
				);
				GCC_WARN_64_TO_32_BIT_CONVERSION = YES;
				GCC_WARN_ABOUT_RETURN_TYPE = YES_ERROR;
				GCC_WARN_UNDECLARED_SELECTOR = YES;
				GCC_WARN_UNINITIALIZED_AUTOS = YES_AGGRESSIVE;
				GCC_WARN_UNUSED_FUNCTION = YES;
				GCC_WARN_UNUSED_VARIABLE = YES;
				IPHONEOS_DEPLOYMENT_TARGET = 11.4;
				MTL_ENABLE_DEBUG_INFO = YES;
				ONLY_ACTIVE_ARCH = YES;
				SDKROOT = iphoneos;
				SWIFT_ACTIVE_COMPILATION_CONDITIONS = DEBUG;
				SWIFT_OPTIMIZATION_LEVEL = "-Onone";
			};
			name = Debug;
		};
		2366217B2151938600B4E6F5 /* Release */ = {
			isa = XCBuildConfiguration;
			buildSettings = {
				ALWAYS_SEARCH_USER_PATHS = NO;
				CLANG_ANALYZER_NONNULL = YES;
				CLANG_ANALYZER_NUMBER_OBJECT_CONVERSION = YES_AGGRESSIVE;
				CLANG_CXX_LANGUAGE_STANDARD = "gnu++14";
				CLANG_CXX_LIBRARY = "libc++";
				CLANG_ENABLE_MODULES = YES;
				CLANG_ENABLE_OBJC_ARC = YES;
				CLANG_ENABLE_OBJC_WEAK = YES;
				CLANG_WARN_BLOCK_CAPTURE_AUTORELEASING = YES;
				CLANG_WARN_BOOL_CONVERSION = YES;
				CLANG_WARN_COMMA = YES;
				CLANG_WARN_CONSTANT_CONVERSION = YES;
				CLANG_WARN_DEPRECATED_OBJC_IMPLEMENTATIONS = YES;
				CLANG_WARN_DIRECT_OBJC_ISA_USAGE = YES_ERROR;
				CLANG_WARN_DOCUMENTATION_COMMENTS = YES;
				CLANG_WARN_EMPTY_BODY = YES;
				CLANG_WARN_ENUM_CONVERSION = YES;
				CLANG_WARN_INFINITE_RECURSION = YES;
				CLANG_WARN_INT_CONVERSION = YES;
				CLANG_WARN_NON_LITERAL_NULL_CONVERSION = YES;
				CLANG_WARN_OBJC_IMPLICIT_RETAIN_SELF = YES;
				CLANG_WARN_OBJC_LITERAL_CONVERSION = YES;
				CLANG_WARN_OBJC_ROOT_CLASS = YES_ERROR;
				CLANG_WARN_RANGE_LOOP_ANALYSIS = YES;
				CLANG_WARN_STRICT_PROTOTYPES = YES;
				CLANG_WARN_SUSPICIOUS_MOVE = YES;
				CLANG_WARN_UNGUARDED_AVAILABILITY = YES_AGGRESSIVE;
				CLANG_WARN_UNREACHABLE_CODE = YES;
				CLANG_WARN__DUPLICATE_METHOD_MATCH = YES;
				CODE_SIGN_IDENTITY = "iPhone Developer";
				COPY_PHASE_STRIP = NO;
				DEBUG_INFORMATION_FORMAT = "dwarf-with-dsym";
				ENABLE_NS_ASSERTIONS = NO;
				ENABLE_STRICT_OBJC_MSGSEND = YES;
				GCC_C_LANGUAGE_STANDARD = gnu11;
				GCC_NO_COMMON_BLOCKS = YES;
				GCC_WARN_64_TO_32_BIT_CONVERSION = YES;
				GCC_WARN_ABOUT_RETURN_TYPE = YES_ERROR;
				GCC_WARN_UNDECLARED_SELECTOR = YES;
				GCC_WARN_UNINITIALIZED_AUTOS = YES_AGGRESSIVE;
				GCC_WARN_UNUSED_FUNCTION = YES;
				GCC_WARN_UNUSED_VARIABLE = YES;
				IPHONEOS_DEPLOYMENT_TARGET = 11.4;
				MTL_ENABLE_DEBUG_INFO = NO;
				SDKROOT = iphoneos;
				SWIFT_COMPILATION_MODE = wholemodule;
				SWIFT_OPTIMIZATION_LEVEL = "-O";
				VALIDATE_PRODUCT = YES;
			};
			name = Release;
		};
		2366217D2151938600B4E6F5 /* Debug */ = {
			isa = XCBuildConfiguration;
			buildSettings = {
				ASSETCATALOG_COMPILER_APPICON_NAME = AppIcon;
				CODE_SIGN_STYLE = Automatic;
				INFOPLIST_FILE = RedditFeed/Info.plist;
				LD_RUNPATH_SEARCH_PATHS = (
					"$(inherited)",
					"@executable_path/Frameworks",
				);
				PRODUCT_BUNDLE_IDENTIFIER = com.arnaldo.RedditFeed;
				PRODUCT_NAME = "$(TARGET_NAME)";
				SWIFT_VERSION = 4.0;
				TARGETED_DEVICE_FAMILY = "1,2";
			};
			name = Debug;
		};
		2366217E2151938600B4E6F5 /* Release */ = {
			isa = XCBuildConfiguration;
			buildSettings = {
				ASSETCATALOG_COMPILER_APPICON_NAME = AppIcon;
				CODE_SIGN_STYLE = Automatic;
				INFOPLIST_FILE = RedditFeed/Info.plist;
				LD_RUNPATH_SEARCH_PATHS = (
					"$(inherited)",
					"@executable_path/Frameworks",
				);
				PRODUCT_BUNDLE_IDENTIFIER = com.arnaldo.RedditFeed;
				PRODUCT_NAME = "$(TARGET_NAME)";
				SWIFT_VERSION = 4.0;
				TARGETED_DEVICE_FAMILY = "1,2";
			};
			name = Release;
		};
/* End XCBuildConfiguration section */

/* Begin XCConfigurationList section */
		236621632151938500B4E6F5 /* Build configuration list for PBXProject "RedditFeed" */ = {
			isa = XCConfigurationList;
			buildConfigurations = (
				2366217A2151938600B4E6F5 /* Debug */,
				2366217B2151938600B4E6F5 /* Release */,
			);
			defaultConfigurationIsVisible = 0;
			defaultConfigurationName = Release;
		};
		2366217C2151938600B4E6F5 /* Build configuration list for PBXNativeTarget "RedditFeed" */ = {
			isa = XCConfigurationList;
			buildConfigurations = (
				2366217D2151938600B4E6F5 /* Debug */,
				2366217E2151938600B4E6F5 /* Release */,
			);
			defaultConfigurationIsVisible = 0;
			defaultConfigurationName = Release;
		};
/* End XCConfigurationList section */
	};
	rootObject = 236621602151938500B4E6F5 /* Project object */;
}
